
Microsoft Visual Studio Solution File, Format Version 12.00
# Visual Studio Version 16
VisualStudioVersion = 16.0.30611.23
MinimumVisualStudioVersion = 10.0.40219.1
Project("{9A19103F-16F7-4668-BE54-9A1E7A4F7556}") = "Localiza.Api", "Localiza.Api\Localiza.Api.csproj", "{DE3AC25C-4BD2-47CA-B0A0-667DD0675270}"
EndProject
Project("{9A19103F-16F7-4668-BE54-9A1E7A4F7556}") = "Localiza.Domain", "Localiza.Domain\Localiza.Domain.csproj", "{23D9403E-0F9A-461D-9457-00390E17C2D6}"
EndProject
Project("{9A19103F-16F7-4668-BE54-9A1E7A4F7556}") = "Localiza.Test", "Localiza.Test\Localiza.Test.csproj", "{9C3E758D-5534-4738-B773-A47396321A4A}"
EndProject
Project("{FAE04EC0-301F-11D3-BF4B-00C04F79EFBC}") = "Localiza.ConsoleApp", "Localiza.ConsoleApp\Localiza.ConsoleApp.csproj", "{C7D542E9-E019-42A0-81D3-3E400FE43D56}"
EndProject
Global
	GlobalSection(SolutionConfigurationPlatforms) = preSolution
		Debug|Any CPU = Debug|Any CPU
		Release|Any CPU = Release|Any CPU
	EndGlobalSection
	GlobalSection(ProjectConfigurationPlatforms) = postSolution
		{DE3AC25C-4BD2-47CA-B0A0-667DD0675270}.Debug|Any CPU.ActiveCfg = Debug|Any CPU
		{DE3AC25C-4BD2-47CA-B0A0-667DD0675270}.Debug|Any CPU.Build.0 = Debug|Any CPU
		{DE3AC25C-4BD2-47CA-B0A0-667DD0675270}.Release|Any CPU.ActiveCfg = Release|Any CPU
		{DE3AC25C-4BD2-47CA-B0A0-667DD0675270}.Release|Any CPU.Build.0 = Release|Any CPU
		{23D9403E-0F9A-461D-9457-00390E17C2D6}.Debug|Any CPU.ActiveCfg = Debug|Any CPU
		{23D9403E-0F9A-461D-9457-00390E17C2D6}.Debug|Any CPU.Build.0 = Debug|Any CPU
		{23D9403E-0F9A-461D-9457-00390E17C2D6}.Release|Any CPU.ActiveCfg = Release|Any CPU
		{23D9403E-0F9A-461D-9457-00390E17C2D6}.Release|Any CPU.Build.0 = Release|Any CPU
		{9C3E758D-5534-4738-B773-A47396321A4A}.Debug|Any CPU.ActiveCfg = Debug|Any CPU
		{9C3E758D-5534-4738-B773-A47396321A4A}.Debug|Any CPU.Build.0 = Debug|Any CPU
		{9C3E758D-5534-4738-B773-A47396321A4A}.Release|Any CPU.ActiveCfg = Release|Any CPU
		{9C3E758D-5534-4738-B773-A47396321A4A}.Release|Any CPU.Build.0 = Release|Any CPU
		{C7D542E9-E019-42A0-81D3-3E400FE43D56}.Debug|Any CPU.ActiveCfg = Debug|Any CPU
		{C7D542E9-E019-42A0-81D3-3E400FE43D56}.Debug|Any CPU.Build.0 = Debug|Any CPU
		{C7D542E9-E019-42A0-81D3-3E400FE43D56}.Release|Any CPU.ActiveCfg = Release|Any CPU
		{C7D542E9-E019-42A0-81D3-3E400FE43D56}.Release|Any CPU.Build.0 = Release|Any CPU
	EndGlobalSection
	GlobalSection(SolutionProperties) = preSolution
		HideSolutionNode = FALSE
	EndGlobalSection
	GlobalSection(ExtensibilityGlobals) = postSolution
		SolutionGuid = {0C9D0CAF-54EE-4419-8371-BB9BBD6A6815}
	EndGlobalSection
EndGlobal
